// !$*UTF8*$!
{
	archiveVersion = 1;
	classes = {
	};
	objectVersion = 46;
	objects = {

/* Begin PBXBuildFile section */
		49D875791AF363D3005DFD14 /* main.m in Sources */ = {isa = PBXBuildFile; fileRef = 49D875781AF363D3005DFD14 /* main.m */; };
		49D8757C1AF363D3005DFD14 /* AppDelegate.m in Sources */ = {isa = PBXBuildFile; fileRef = 49D8757B1AF363D3005DFD14 /* AppDelegate.m */; };
		49D8757F1AF363D3005DFD14 /* ViewController.m in Sources */ = {isa = PBXBuildFile; fileRef = 49D8757E1AF363D3005DFD14 /* ViewController.m */; };
		49D875821AF363D3005DFD14 /* Main.storyboard in Resources */ = {isa = PBXBuildFile; fileRef = 49D875801AF363D3005DFD14 /* Main.storyboard */; };
		49D875841AF363D3005DFD14 /* Images.xcassets in Resources */ = {isa = PBXBuildFile; fileRef = 49D875831AF363D3005DFD14 /* Images.xcassets */; };
		49D875871AF363D3005DFD14 /* LaunchScreen.xib in Resources */ = {isa = PBXBuildFile; fileRef = 49D875851AF363D3005DFD14 /* LaunchScreen.xib */; };
		49D875931AF363D3005DFD14 /* HEInfiniteScrollViewDemoTests.m in Sources */ = {isa = PBXBuildFile; fileRef = 49D875921AF363D3005DFD14 /* HEInfiniteScrollViewDemoTests.m */; };
		49D875BE1AF36429005DFD14 /* MKAnnotationView+WebCache.m in Sources */ = {isa = PBXBuildFile; fileRef = 49D8759E1AF36429005DFD14 /* MKAnnotationView+WebCache.m */; };
		49D875BF1AF36429005DFD14 /* NSData+ImageContentType.m in Sources */ = {isa = PBXBuildFile; fileRef = 49D875A01AF36429005DFD14 /* NSData+ImageContentType.m */; };
		49D875C01AF36429005DFD14 /* SDImageCache.m in Sources */ = {isa = PBXBuildFile; fileRef = 49D875A21AF36429005DFD14 /* SDImageCache.m */; };
		49D875C11AF36429005DFD14 /* SDWebImageCompat.m in Sources */ = {isa = PBXBuildFile; fileRef = 49D875A41AF36429005DFD14 /* SDWebImageCompat.m */; };
		49D875C21AF36429005DFD14 /* SDWebImageDecoder.m in Sources */ = {isa = PBXBuildFile; fileRef = 49D875A61AF36429005DFD14 /* SDWebImageDecoder.m */; };
		49D875C31AF36429005DFD14 /* SDWebImageDownloader.m in Sources */ = {isa = PBXBuildFile; fileRef = 49D875A81AF36429005DFD14 /* SDWebImageDownloader.m */; };
		49D875C41AF36429005DFD14 /* SDWebImageDownloaderOperation.m in Sources */ = {isa = PBXBuildFile; fileRef = 49D875AA1AF36429005DFD14 /* SDWebImageDownloaderOperation.m */; };
		49D875C51AF36429005DFD14 /* SDWebImageManager.m in Sources */ = {isa = PBXBuildFile; fileRef = 49D875AC1AF36429005DFD14 /* SDWebImageManager.m */; };
		49D875C61AF36429005DFD14 /* SDWebImagePrefetcher.m in Sources */ = {isa = PBXBuildFile; fileRef = 49D875AF1AF36429005DFD14 /* SDWebImagePrefetcher.m */; };
		49D875C71AF36429005DFD14 /* UIButton+WebCache.m in Sources */ = {isa = PBXBuildFile; fileRef = 49D875B11AF36429005DFD14 /* UIButton+WebCache.m */; };
		49D875C81AF36429005DFD14 /* UIImage+GIF.m in Sources */ = {isa = PBXBuildFile; fileRef = 49D875B31AF36429005DFD14 /* UIImage+GIF.m */; };
		49D875C91AF36429005DFD14 /* UIImage+MultiFormat.m in Sources */ = {isa = PBXBuildFile; fileRef = 49D875B51AF36429005DFD14 /* UIImage+MultiFormat.m */; };
		49D875CA1AF36429005DFD14 /* UIImage+WebP.m in Sources */ = {isa = PBXBuildFile; fileRef = 49D875B71AF36429005DFD14 /* UIImage+WebP.m */; };
		49D875CB1AF36429005DFD14 /* UIImageView+HighlightedWebCache.m in Sources */ = {isa = PBXBuildFile; fileRef = 49D875B91AF36429005DFD14 /* UIImageView+HighlightedWebCache.m */; };
		49D875CC1AF36429005DFD14 /* UIImageView+WebCache.m in Sources */ = {isa = PBXBuildFile; fileRef = 49D875BB1AF36429005DFD14 /* UIImageView+WebCache.m */; };
		49D875CD1AF36429005DFD14 /* UIView+WebCacheOperation.m in Sources */ = {isa = PBXBuildFile; fileRef = 49D875BD1AF36429005DFD14 /* UIView+WebCacheOperation.m */; };
		49D875D31AF36430005DFD14 /* HEImageView.m in Sources */ = {isa = PBXBuildFile; fileRef = 49D875D01AF36430005DFD14 /* HEImageView.m */; };
		49D875D41AF36430005DFD14 /* HEInfiniteScrollView.m in Sources */ = {isa = PBXBuildFile; fileRef = 49D875D21AF36430005DFD14 /* HEInfiniteScrollView.m */; };
		49D875E01AF364D2005DFD14 /* image01.jpg in Resources */ = {isa = PBXBuildFile; fileRef = 49D875DA1AF364D2005DFD14 /* image01.jpg */; };
		49D875E11AF364D2005DFD14 /* image02.jpg in Resources */ = {isa = PBXBuildFile; fileRef = 49D875DB1AF364D2005DFD14 /* image02.jpg */; };
		49D875E21AF364D2005DFD14 /* image03.jpg in Resources */ = {isa = PBXBuildFile; fileRef = 49D875DC1AF364D2005DFD14 /* image03.jpg */; };
		49D875E31AF364D2005DFD14 /* image04.jpg in Resources */ = {isa = PBXBuildFile; fileRef = 49D875DD1AF364D2005DFD14 /* image04.jpg */; };
		49D875E41AF364D2005DFD14 /* image05.jpg in Resources */ = {isa = PBXBuildFile; fileRef = 49D875DE1AF364D2005DFD14 /* image05.jpg */; };
		49D875E51AF364D2005DFD14 /* placeholder.jpg in Resources */ = {isa = PBXBuildFile; fileRef = 49D875DF1AF364D2005DFD14 /* placeholder.jpg */; };
/* End PBXBuildFile section */

/* Begin PBXContainerItemProxy section */
		49D8758D1AF363D3005DFD14 /* PBXContainerItemProxy */ = {
			isa = PBXContainerItemProxy;
			containerPortal = 49D8756B1AF363D3005DFD14 /* Project object */;
			proxyType = 1;
			remoteGlobalIDString = 49D875721AF363D3005DFD14;
			remoteInfo = HEInfiniteScrollViewDemo;
		};
/* End PBXContainerItemProxy section */

/* Begin PBXFileReference section */
		49D875731AF363D3005DFD14 /* HEInfiniteScrollViewDemo.app */ = {isa = PBXFileReference; explicitFileType = wrapper.application; includeInIndex = 0; path = HEInfiniteScrollViewDemo.app; sourceTree = BUILT_PRODUCTS_DIR; };
		49D875771AF363D3005DFD14 /* Info.plist */ = {isa = PBXFileReference; lastKnownFileType = text.plist.xml; path = Info.plist; sourceTree = "<group>"; };
		49D875781AF363D3005DFD14 /* main.m */ = {isa = PBXFileReference; lastKnownFileType = sourcecode.c.objc; path = main.m; sourceTree = "<group>"; };
		49D8757A1AF363D3005DFD14 /* AppDelegate.h */ = {isa = PBXFileReference; lastKnownFileType = sourcecode.c.h; path = AppDelegate.h; sourceTree = "<group>"; };
		49D8757B1AF363D3005DFD14 /* AppDelegate.m */ = {isa = PBXFileReference; lastKnownFileType = sourcecode.c.objc; path = AppDelegate.m; sourceTree = "<group>"; };
		49D8757D1AF363D3005DFD14 /* ViewController.h */ = {isa = PBXFileReference; lastKnownFileType = sourcecode.c.h; path = ViewController.h; sourceTree = "<group>"; };
		49D8757E1AF363D3005DFD14 /* ViewController.m */ = {isa = PBXFileReference; lastKnownFileType = sourcecode.c.objc; path = ViewController.m; sourceTree = "<group>"; };
		49D875811AF363D3005DFD14 /* Base */ = {isa = PBXFileReference; lastKnownFileType = file.storyboard; name = Base; path = Base.lproj/Main.storyboard; sourceTree = "<group>"; };
		49D875831AF363D3005DFD14 /* Images.xcassets */ = {isa = PBXFileReference; lastKnownFileType = folder.assetcatalog; path = Images.xcassets; sourceTree = "<group>"; };
		49D875861AF363D3005DFD14 /* Base */ = {isa = PBXFileReference; lastKnownFileType = file.xib; name = Base; path = Base.lproj/LaunchScreen.xib; sourceTree = "<group>"; };
		49D8758C1AF363D3005DFD14 /* HEInfiniteScrollViewDemoTests.xctest */ = {isa = PBXFileReference; explicitFileType = wrapper.cfbundle; includeInIndex = 0; path = HEInfiniteScrollViewDemoTests.xctest; sourceTree = BUILT_PRODUCTS_DIR; };
		49D875911AF363D3005DFD14 /* Info.plist */ = {isa = PBXFileReference; lastKnownFileType = text.plist.xml; path = Info.plist; sourceTree = "<group>"; };
		49D875921AF363D3005DFD14 /* HEInfiniteScrollViewDemoTests.m */ = {isa = PBXFileReference; lastKnownFileType = sourcecode.c.objc; path = HEInfiniteScrollViewDemoTests.m; sourceTree = "<group>"; };
		49D8759D1AF36429005DFD14 /* MKAnnotationView+WebCache.h */ = {isa = PBXFileReference; fileEncoding = 4; lastKnownFileType = sourcecode.c.h; path = "MKAnnotationView+WebCache.h"; sourceTree = "<group>"; };
		49D8759E1AF36429005DFD14 /* MKAnnotationView+WebCache.m */ = {isa = PBXFileReference; fileEncoding = 4; lastKnownFileType = sourcecode.c.objc; path = "MKAnnotationView+WebCache.m"; sourceTree = "<group>"; };
		49D8759F1AF36429005DFD14 /* NSData+ImageContentType.h */ = {isa = PBXFileReference; fileEncoding = 4; lastKnownFileType = sourcecode.c.h; path = "NSData+ImageContentType.h"; sourceTree = "<group>"; };
		49D875A01AF36429005DFD14 /* NSData+ImageContentType.m */ = {isa = PBXFileReference; fileEncoding = 4; lastKnownFileType = sourcecode.c.objc; path = "NSData+ImageContentType.m"; sourceTree = "<group>"; };
		49D875A11AF36429005DFD14 /* SDImageCache.h */ = {isa = PBXFileReference; fileEncoding = 4; lastKnownFileType = sourcecode.c.h; path = SDImageCache.h; sourceTree = "<group>"; };
		49D875A21AF36429005DFD14 /* SDImageCache.m */ = {isa = PBXFileReference; fileEncoding = 4; lastKnownFileType = sourcecode.c.objc; path = SDImageCache.m; sourceTree = "<group>"; };
		49D875A31AF36429005DFD14 /* SDWebImageCompat.h */ = {isa = PBXFileReference; fileEncoding = 4; lastKnownFileType = sourcecode.c.h; path = SDWebImageCompat.h; sourceTree = "<group>"; };
		49D875A41AF36429005DFD14 /* SDWebImageCompat.m */ = {isa = PBXFileReference; fileEncoding = 4; lastKnownFileType = sourcecode.c.objc; path = SDWebImageCompat.m; sourceTree = "<group>"; };
		49D875A51AF36429005DFD14 /* SDWebImageDecoder.h */ = {isa = PBXFileReference; fileEncoding = 4; lastKnownFileType = sourcecode.c.h; path = SDWebImageDecoder.h; sourceTree = "<group>"; };
		49D875A61AF36429005DFD14 /* SDWebImageDecoder.m */ = {isa = PBXFileReference; fileEncoding = 4; lastKnownFileType = sourcecode.c.objc; path = SDWebImageDecoder.m; sourceTree = "<group>"; };
		49D875A71AF36429005DFD14 /* SDWebImageDownloader.h */ = {isa = PBXFileReference; fileEncoding = 4; lastKnownFileType = sourcecode.c.h; path = SDWebImageDownloader.h; sourceTree = "<group>"; };
		49D875A81AF36429005DFD14 /* SDWebImageDownloader.m */ = {isa = PBXFileReference; fileEncoding = 4; lastKnownFileType = sourcecode.c.objc; path = SDWebImageDownloader.m; sourceTree = "<group>"; };
		49D875A91AF36429005DFD14 /* SDWebImageDownloaderOperation.h */ = {isa = PBXFileReference; fileEncoding = 4; lastKnownFileType = sourcecode.c.h; path = SDWebImageDownloaderOperation.h; sourceTree = "<group>"; };
		49D875AA1AF36429005DFD14 /* SDWebImageDownloaderOperation.m */ = {isa = PBXFileReference; fileEncoding = 4; lastKnownFileType = sourcecode.c.objc; path = SDWebImageDownloaderOperation.m; sourceTree = "<group>"; };
		49D875AB1AF36429005DFD14 /* SDWebImageManager.h */ = {isa = PBXFileReference; fileEncoding = 4; lastKnownFileType = sourcecode.c.h; path = SDWebImageManager.h; sourceTree = "<group>"; };
		49D875AC1AF36429005DFD14 /* SDWebImageManager.m */ = {isa = PBXFileReference; fileEncoding = 4; lastKnownFileType = sourcecode.c.objc; path = SDWebImageManager.m; sourceTree = "<group>"; };
		49D875AD1AF36429005DFD14 /* SDWebImageOperation.h */ = {isa = PBXFileReference; fileEncoding = 4; lastKnownFileType = sourcecode.c.h; path = SDWebImageOperation.h; sourceTree = "<group>"; };
		49D875AE1AF36429005DFD14 /* SDWebImagePrefetcher.h */ = {isa = PBXFileReference; fileEncoding = 4; lastKnownFileType = sourcecode.c.h; path = SDWebImagePrefetcher.h; sourceTree = "<group>"; };
		49D875AF1AF36429005DFD14 /* SDWebImagePrefetcher.m */ = {isa = PBXFileReference; fileEncoding = 4; lastKnownFileType = sourcecode.c.objc; path = SDWebImagePrefetcher.m; sourceTree = "<group>"; };
		49D875B01AF36429005DFD14 /* UIButton+WebCache.h */ = {isa = PBXFileReference; fileEncoding = 4; lastKnownFileType = sourcecode.c.h; path = "UIButton+WebCache.h"; sourceTree = "<group>"; };
		49D875B11AF36429005DFD14 /* UIButton+WebCache.m */ = {isa = PBXFileReference; fileEncoding = 4; lastKnownFileType = sourcecode.c.objc; path = "UIButton+WebCache.m"; sourceTree = "<group>"; };
		49D875B21AF36429005DFD14 /* UIImage+GIF.h */ = {isa = PBXFileReference; fileEncoding = 4; lastKnownFileType = sourcecode.c.h; path = "UIImage+GIF.h"; sourceTree = "<group>"; };
		49D875B31AF36429005DFD14 /* UIImage+GIF.m */ = {isa = PBXFileReference; fileEncoding = 4; lastKnownFileType = sourcecode.c.objc; path = "UIImage+GIF.m"; sourceTree = "<group>"; };
		49D875B41AF36429005DFD14 /* UIImage+MultiFormat.h */ = {isa = PBXFileReference; fileEncoding = 4; lastKnownFileType = sourcecode.c.h; path = "UIImage+MultiFormat.h"; sourceTree = "<group>"; };
		49D875B51AF36429005DFD14 /* UIImage+MultiFormat.m */ = {isa = PBXFileReference; fileEncoding = 4; lastKnownFileType = sourcecode.c.objc; path = "UIImage+MultiFormat.m"; sourceTree = "<group>"; };
		49D875B61AF36429005DFD14 /* UIImage+WebP.h */ = {isa = PBXFileReference; fileEncoding = 4; lastKnownFileType = sourcecode.c.h; path = "UIImage+WebP.h"; sourceTree = "<group>"; };
		49D875B71AF36429005DFD14 /* UIImage+WebP.m */ = {isa = PBXFileReference; fileEncoding = 4; lastKnownFileType = sourcecode.c.objc; path = "UIImage+WebP.m"; sourceTree = "<group>"; };
		49D875B81AF36429005DFD14 /* UIImageView+HighlightedWebCache.h */ = {isa = PBXFileReference; fileEncoding = 4; lastKnownFileType = sourcecode.c.h; path = "UIImageView+HighlightedWebCache.h"; sourceTree = "<group>"; };
		49D875B91AF36429005DFD14 /* UIImageView+HighlightedWebCache.m */ = {isa = PBXFileReference; fileEncoding = 4; lastKnownFileType = sourcecode.c.objc; path = "UIImageView+HighlightedWebCache.m"; sourceTree = "<group>"; };
		49D875BA1AF36429005DFD14 /* UIImageView+WebCache.h */ = {isa = PBXFileReference; fileEncoding = 4; lastKnownFileType = sourcecode.c.h; path = "UIImageView+WebCache.h"; sourceTree = "<group>"; };
		49D875BB1AF36429005DFD14 /* UIImageView+WebCache.m */ = {isa = PBXFileReference; fileEncoding = 4; lastKnownFileType = sourcecode.c.objc; path = "UIImageView+WebCache.m"; sourceTree = "<group>"; };
		49D875BC1AF36429005DFD14 /* UIView+WebCacheOperation.h */ = {isa = PBXFileReference; fileEncoding = 4; lastKnownFileType = sourcecode.c.h; path = "UIView+WebCacheOperation.h"; sourceTree = "<group>"; };
		49D875BD1AF36429005DFD14 /* UIView+WebCacheOperation.m */ = {isa = PBXFileReference; fileEncoding = 4; lastKnownFileType = sourcecode.c.objc; path = "UIView+WebCacheOperation.m"; sourceTree = "<group>"; };
		49D875CF1AF36430005DFD14 /* HEImageView.h */ = {isa = PBXFileReference; fileEncoding = 4; lastKnownFileType = sourcecode.c.h; path = HEImageView.h; sourceTree = "<group>"; };
		49D875D01AF36430005DFD14 /* HEImageView.m */ = {isa = PBXFileReference; fileEncoding = 4; lastKnownFileType = sourcecode.c.objc; path = HEImageView.m; sourceTree = "<group>"; };
		49D875D11AF36430005DFD14 /* HEInfiniteScrollView.h */ = {isa = PBXFileReference; fileEncoding = 4; lastKnownFileType = sourcecode.c.h; path = HEInfiniteScrollView.h; sourceTree = "<group>"; };
		49D875D21AF36430005DFD14 /* HEInfiniteScrollView.m */ = {isa = PBXFileReference; fileEncoding = 4; lastKnownFileType = sourcecode.c.objc; path = HEInfiniteScrollView.m; sourceTree = "<group>"; };
		49D875DA1AF364D2005DFD14 /* image01.jpg */ = {isa = PBXFileReference; lastKnownFileType = image.jpeg; path = image01.jpg; sourceTree = "<group>"; };
		49D875DB1AF364D2005DFD14 /* image02.jpg */ = {isa = PBXFileReference; lastKnownFileType = image.jpeg; path = image02.jpg; sourceTree = "<group>"; };
		49D875DC1AF364D2005DFD14 /* image03.jpg */ = {isa = PBXFileReference; lastKnownFileType = image.jpeg; path = image03.jpg; sourceTree = "<group>"; };
		49D875DD1AF364D2005DFD14 /* image04.jpg */ = {isa = PBXFileReference; lastKnownFileType = image.jpeg; path = image04.jpg; sourceTree = "<group>"; };
		49D875DE1AF364D2005DFD14 /* image05.jpg */ = {isa = PBXFileReference; lastKnownFileType = image.jpeg; path = image05.jpg; sourceTree = "<group>"; };
		49D875DF1AF364D2005DFD14 /* placeholder.jpg */ = {isa = PBXFileReference; lastKnownFileType = image.jpeg; path = placeholder.jpg; sourceTree = "<group>"; };
/* End PBXFileReference section */

/* Begin PBXFrameworksBuildPhase section */
		49D875701AF363D3005DFD14 /* Frameworks */ = {
			isa = PBXFrameworksBuildPhase;
			buildActionMask = 2147483647;
			files = (
			);
			runOnlyForDeploymentPostprocessing = 0;
		};
		49D875891AF363D3005DFD14 /* Frameworks */ = {
			isa = PBXFrameworksBuildPhase;
			buildActionMask = 2147483647;
			files = (
			);
			runOnlyForDeploymentPostprocessing = 0;
		};
/* End PBXFrameworksBuildPhase section */

/* Begin PBXGroup section */
		49D8756A1AF363D3005DFD14 = {
			isa = PBXGroup;
			children = (
				49D875751AF363D3005DFD14 /* HEInfiniteScrollViewDemo */,
				49D8758F1AF363D3005DFD14 /* HEInfiniteScrollViewDemoTests */,
				49D875741AF363D3005DFD14 /* Products */,
			);
			sourceTree = "<group>";
		};
		49D875741AF363D3005DFD14 /* Products */ = {
			isa = PBXGroup;
			children = (
				49D875731AF363D3005DFD14 /* HEInfiniteScrollViewDemo.app */,
				49D8758C1AF363D3005DFD14 /* HEInfiniteScrollViewDemoTests.xctest */,
			);
			name = Products;
			sourceTree = "<group>";
		};
		49D875751AF363D3005DFD14 /* HEInfiniteScrollViewDemo */ = {
			isa = PBXGroup;
			children = (
				49D875CE1AF36430005DFD14 /* HEInfiniteScrollView */,
				49D8759C1AF36429005DFD14 /* SDWebImage */,
				49D8757A1AF363D3005DFD14 /* AppDelegate.h */,
				49D8757B1AF363D3005DFD14 /* AppDelegate.m */,
				49D8757D1AF363D3005DFD14 /* ViewController.h */,
				49D8757E1AF363D3005DFD14 /* ViewController.m */,
				49D875801AF363D3005DFD14 /* Main.storyboard */,
				49D875831AF363D3005DFD14 /* Images.xcassets */,
				49D875851AF363D3005DFD14 /* LaunchScreen.xib */,
				49D875761AF363D3005DFD14 /* Supporting Files */,
			);
			path = HEInfiniteScrollViewDemo;
			sourceTree = "<group>";
		};
		49D875761AF363D3005DFD14 /* Supporting Files */ = {
			isa = PBXGroup;
			children = (
				49D875D91AF364D2005DFD14 /* images */,
				49D875771AF363D3005DFD14 /* Info.plist */,
				49D875781AF363D3005DFD14 /* main.m */,
			);
			name = "Supporting Files";
			sourceTree = "<group>";
		};
		49D8758F1AF363D3005DFD14 /* HEInfiniteScrollViewDemoTests */ = {
			isa = PBXGroup;
			children = (
				49D875921AF363D3005DFD14 /* HEInfiniteScrollViewDemoTests.m */,
				49D875901AF363D3005DFD14 /* Supporting Files */,
			);
			path = HEInfiniteScrollViewDemoTests;
			sourceTree = "<group>";
		};
		49D875901AF363D3005DFD14 /* Supporting Files */ = {
			isa = PBXGroup;
			children = (
				49D875911AF363D3005DFD14 /* Info.plist */,
			);
			name = "Supporting Files";
			sourceTree = "<group>";
		};
		49D8759C1AF36429005DFD14 /* SDWebImage */ = {
			isa = PBXGroup;
			children = (
				49D8759D1AF36429005DFD14 /* MKAnnotationView+WebCache.h */,
				49D8759E1AF36429005DFD14 /* MKAnnotationView+WebCache.m */,
				49D8759F1AF36429005DFD14 /* NSData+ImageContentType.h */,
				49D875A01AF36429005DFD14 /* NSData+ImageContentType.m */,
				49D875A11AF36429005DFD14 /* SDImageCache.h */,
				49D875A21AF36429005DFD14 /* SDImageCache.m */,
				49D875A31AF36429005DFD14 /* SDWebImageCompat.h */,
				49D875A41AF36429005DFD14 /* SDWebImageCompat.m */,
				49D875A51AF36429005DFD14 /* SDWebImageDecoder.h */,
				49D875A61AF36429005DFD14 /* SDWebImageDecoder.m */,
				49D875A71AF36429005DFD14 /* SDWebImageDownloader.h */,
				49D875A81AF36429005DFD14 /* SDWebImageDownloader.m */,
				49D875A91AF36429005DFD14 /* SDWebImageDownloaderOperation.h */,
				49D875AA1AF36429005DFD14 /* SDWebImageDownloaderOperation.m */,
				49D875AB1AF36429005DFD14 /* SDWebImageManager.h */,
				49D875AC1AF36429005DFD14 /* SDWebImageManager.m */,
				49D875AD1AF36429005DFD14 /* SDWebImageOperation.h */,
				49D875AE1AF36429005DFD14 /* SDWebImagePrefetcher.h */,
				49D875AF1AF36429005DFD14 /* SDWebImagePrefetcher.m */,
				49D875B01AF36429005DFD14 /* UIButton+WebCache.h */,
				49D875B11AF36429005DFD14 /* UIButton+WebCache.m */,
				49D875B21AF36429005DFD14 /* UIImage+GIF.h */,
				49D875B31AF36429005DFD14 /* UIImage+GIF.m */,
				49D875B41AF36429005DFD14 /* UIImage+MultiFormat.h */,
				49D875B51AF36429005DFD14 /* UIImage+MultiFormat.m */,
				49D875B61AF36429005DFD14 /* UIImage+WebP.h */,
				49D875B71AF36429005DFD14 /* UIImage+WebP.m */,
				49D875B81AF36429005DFD14 /* UIImageView+HighlightedWebCache.h */,
				49D875B91AF36429005DFD14 /* UIImageView+HighlightedWebCache.m */,
				49D875BA1AF36429005DFD14 /* UIImageView+WebCache.h */,
				49D875BB1AF36429005DFD14 /* UIImageView+WebCache.m */,
				49D875BC1AF36429005DFD14 /* UIView+WebCacheOperation.h */,
				49D875BD1AF36429005DFD14 /* UIView+WebCacheOperation.m */,
			);
			path = SDWebImage;
			sourceTree = "<group>";
		};
		49D875CE1AF36430005DFD14 /* HEInfiniteScrollView */ = {
			isa = PBXGroup;
			children = (
				49D875CF1AF36430005DFD14 /* HEImageView.h */,
				49D875D01AF36430005DFD14 /* HEImageView.m */,
				49D875D11AF36430005DFD14 /* HEInfiniteScrollView.h */,
				49D875D21AF36430005DFD14 /* HEInfiniteScrollView.m */,
			);
			path = HEInfiniteScrollView;
			sourceTree = "<group>";
		};
		49D875D91AF364D2005DFD14 /* images */ = {
			isa = PBXGroup;
			children = (
				49D875DA1AF364D2005DFD14 /* image01.jpg */,
				49D875DB1AF364D2005DFD14 /* image02.jpg */,
				49D875DC1AF364D2005DFD14 /* image03.jpg */,
				49D875DD1AF364D2005DFD14 /* image04.jpg */,
				49D875DE1AF364D2005DFD14 /* image05.jpg */,
				49D875DF1AF364D2005DFD14 /* placeholder.jpg */,
			);
			path = images;
			sourceTree = "<group>";
		};
/* End PBXGroup section */

/* Begin PBXNativeTarget section */
		49D875721AF363D3005DFD14 /* HEInfiniteScrollViewDemo */ = {
			isa = PBXNativeTarget;
			buildConfigurationList = 49D875961AF363D3005DFD14 /* Build configuration list for PBXNativeTarget "HEInfiniteScrollViewDemo" */;
			buildPhases = (
				49D8756F1AF363D3005DFD14 /* Sources */,
				49D875701AF363D3005DFD14 /* Frameworks */,
				49D875711AF363D3005DFD14 /* Resources */,
			);
			buildRules = (
			);
			dependencies = (
			);
			name = HEInfiniteScrollViewDemo;
			productName = HEInfiniteScrollViewDemo;
			productReference = 49D875731AF363D3005DFD14 /* HEInfiniteScrollViewDemo.app */;
			productType = "com.apple.product-type.application";
		};
		49D8758B1AF363D3005DFD14 /* HEInfiniteScrollViewDemoTests */ = {
			isa = PBXNativeTarget;
			buildConfigurationList = 49D875991AF363D3005DFD14 /* Build configuration list for PBXNativeTarget "HEInfiniteScrollViewDemoTests" */;
			buildPhases = (
				49D875881AF363D3005DFD14 /* Sources */,
				49D875891AF363D3005DFD14 /* Frameworks */,
				49D8758A1AF363D3005DFD14 /* Resources */,
			);
			buildRules = (
			);
			dependencies = (
				49D8758E1AF363D3005DFD14 /* PBXTargetDependency */,
			);
			name = HEInfiniteScrollViewDemoTests;
			productName = HEInfiniteScrollViewDemoTests;
			productReference = 49D8758C1AF363D3005DFD14 /* HEInfiniteScrollViewDemoTests.xctest */;
			productType = "com.apple.product-type.bundle.unit-test";
		};
/* End PBXNativeTarget section */

/* Begin PBXProject section */
		49D8756B1AF363D3005DFD14 /* Project object */ = {
			isa = PBXProject;
			attributes = {
				LastUpgradeCheck = 0630;
				ORGANIZATIONNAME = herui;
				TargetAttributes = {
					49D875721AF363D3005DFD14 = {
						CreatedOnToolsVersion = 6.3.1;
					};
					49D8758B1AF363D3005DFD14 = {
						CreatedOnToolsVersion = 6.3.1;
						TestTargetID = 49D875721AF363D3005DFD14;
					};
				};
			};
			buildConfigurationList = 49D8756E1AF363D3005DFD14 /* Build configuration list for PBXProject "HEInfiniteScrollViewDemo" */;
			compatibilityVersion = "Xcode 3.2";
			developmentRegion = English;
			hasScannedForEncodings = 0;
			knownRegions = (
				en,
				Base,
			);
			mainGroup = 49D8756A1AF363D3005DFD14;
			productRefGroup = 49D875741AF363D3005DFD14 /* Products */;
			projectDirPath = "";
			projectRoot = "";
			targets = (
				49D875721AF363D3005DFD14 /* HEInfiniteScrollViewDemo */,
				49D8758B1AF363D3005DFD14 /* HEInfiniteScrollViewDemoTests */,
			);
		};
/* End PBXProject section */

/* Begin PBXResourcesBuildPhase section */
		49D875711AF363D3005DFD14 /* Resources */ = {
			isa = PBXResourcesBuildPhase;
			buildActionMask = 2147483647;
			files = (
				49D875821AF363D3005DFD14 /* Main.storyboard in Resources */,
				49D875871AF363D3005DFD14 /* LaunchScreen.xib in Resources */,
				49D875E41AF364D2005DFD14 /* image05.jpg in Resources */,
				49D875E21AF364D2005DFD14 /* image03.jpg in Resources */,
				49D875E51AF364D2005DFD14 /* placeholder.jpg in Resources */,
				49D875E31AF364D2005DFD14 /* image04.jpg in Resources */,
				49D875E01AF364D2005DFD14 /* image01.jpg in Resources */,
				49D875E11AF364D2005DFD14 /* image02.jpg in Resources */,
				49D875841AF363D3005DFD14 /* Images.xcassets in Resources */,
			);
			runOnlyForDeploymentPostprocessing = 0;
		};
		49D8758A1AF363D3005DFD14 /* Resources */ = {
			isa = PBXResourcesBuildPhase;
			buildActionMask = 2147483647;
			files = (
			);
			runOnlyForDeploymentPostprocessing = 0;
		};
/* End PBXResourcesBuildPhase section */

/* Begin PBXSourcesBuildPhase section */
		49D8756F1AF363D3005DFD14 /* Sources */ = {
			isa = PBXSourcesBuildPhase;
			buildActionMask = 2147483647;
			files = (
				49D875CB1AF36429005DFD14 /* UIImageView+HighlightedWebCache.m in Sources */,
				49D875BF1AF36429005DFD14 /* NSData+ImageContentType.m in Sources */,
				49D875C51AF36429005DFD14 /* SDWebImageManager.m in Sources */,
				49D875C31AF36429005DFD14 /* SDWebImageDownloader.m in Sources */,
				49D875CA1AF36429005DFD14 /* UIImage+WebP.m in Sources */,
				49D875CD1AF36429005DFD14 /* UIView+WebCacheOperation.m in Sources */,
				49D875C01AF36429005DFD14 /* SDImageCache.m in Sources */,
				49D8757F1AF363D3005DFD14 /* ViewController.m in Sources */,
				49D875BE1AF36429005DFD14 /* MKAnnotationView+WebCache.m in Sources */,
				49D875C21AF36429005DFD14 /* SDWebImageDecoder.m in Sources */,
				49D875D41AF36430005DFD14 /* HEInfiniteScrollView.m in Sources */,
				49D875C91AF36429005DFD14 /* UIImage+MultiFormat.m in Sources */,
				49D875C41AF36429005DFD14 /* SDWebImageDownloaderOperation.m in Sources */,
				49D8757C1AF363D3005DFD14 /* AppDelegate.m in Sources */,
				49D875C71AF36429005DFD14 /* UIButton+WebCache.m in Sources */,
				49D875C61AF36429005DFD14 /* SDWebImagePrefetcher.m in Sources */,
				49D875D31AF36430005DFD14 /* HEImageView.m in Sources */,
				49D875CC1AF36429005DFD14 /* UIImageView+WebCache.m in Sources */,
				49D875C11AF36429005DFD14 /* SDWebImageCompat.m in Sources */,
				49D875C81AF36429005DFD14 /* UIImage+GIF.m in Sources */,
				49D875791AF363D3005DFD14 /* main.m in Sources */,
			);
			runOnlyForDeploymentPostprocessing = 0;
		};
		49D875881AF363D3005DFD14 /* Sources */ = {
			isa = PBXSourcesBuildPhase;
			buildActionMask = 2147483647;
			files = (
				49D875931AF363D3005DFD14 /* HEInfiniteScrollViewDemoTests.m in Sources */,
			);
			runOnlyForDeploymentPostprocessing = 0;
		};
/* End PBXSourcesBuildPhase section */

/* Begin PBXTargetDependency section */
		49D8758E1AF363D3005DFD14 /* PBXTargetDependency */ = {
			isa = PBXTargetDependency;
			target = 49D875721AF363D3005DFD14 /* HEInfiniteScrollViewDemo */;
			targetProxy = 49D8758D1AF363D3005DFD14 /* PBXContainerItemProxy */;
		};
/* End PBXTargetDependency section */

/* Begin PBXVariantGroup section */
		49D875801AF363D3005DFD14 /* Main.storyboard */ = {
			isa = PBXVariantGroup;
			children = (
				49D875811AF363D3005DFD14 /* Base */,
			);
			name = Main.storyboard;
			sourceTree = "<group>";
		};
		49D875851AF363D3005DFD14 /* LaunchScreen.xib */ = {
			isa = PBXVariantGroup;
			children = (
				49D875861AF363D3005DFD14 /* Base */,
			);
			name = LaunchScreen.xib;
			sourceTree = "<group>";
		};
/* End PBXVariantGroup section */

/* Begin XCBuildConfiguration section */
		49D875941AF363D3005DFD14 /* Debug */ = {
			isa = XCBuildConfiguration;
			buildSettings = {
				ALWAYS_SEARCH_USER_PATHS = NO;
				CLANG_CXX_LANGUAGE_STANDARD = "gnu++0x";
				CLANG_CXX_LIBRARY = "libc++";
				CLANG_ENABLE_MODULES = YES;
				CLANG_ENABLE_OBJC_ARC = YES;
				CLANG_WARN_BOOL_CONVERSION = YES;
				CLANG_WARN_CONSTANT_CONVERSION = YES;
				CLANG_WARN_DIRECT_OBJC_ISA_USAGE = YES_ERROR;
				CLANG_WARN_EMPTY_BODY = YES;
				CLANG_WARN_ENUM_CONVERSION = YES;
				CLANG_WARN_INT_CONVERSION = YES;
				CLANG_WARN_OBJC_ROOT_CLASS = YES_ERROR;
				CLANG_WARN_UNREACHABLE_CODE = YES;
				CLANG_WARN__DUPLICATE_METHOD_MATCH = YES;
				"CODE_SIGN_IDENTITY[sdk=iphoneos*]" = "iPhone Developer";
				COPY_PHASE_STRIP = NO;
				DEBUG_INFORMATION_FORMAT = "dwarf-with-dsym";
				ENABLE_STRICT_OBJC_MSGSEND = YES;
				GCC_C_LANGUAGE_STANDARD = gnu99;
				GCC_DYNAMIC_NO_PIC = NO;
				GCC_NO_COMMON_BLOCKS = YES;
				GCC_OPTIMIZATION_LEVEL = 0;
				GCC_PREPROCESSOR_DEFINITIONS = (
					"DEBUG=1",
					"$(inherited)",
				);
				GCC_SYMBOLS_PRIVATE_EXTERN = NO;
				GCC_WARN_64_TO_32_BIT_CONVERSION = YES;
				GCC_WARN_ABOUT_RETURN_TYPE = YES_ERROR;
				GCC_WARN_UNDECLARED_SELECTOR = YES;
				GCC_WARN_UNINITIALIZED_AUTOS = YES_AGGRESSIVE;
				GCC_WARN_UNUSED_FUNCTION = YES;
				GCC_WARN_UNUSED_VARIABLE = YES;
				IPHONEOS_DEPLOYMENT_TARGET = 8.3;
				MTL_ENABLE_DEBUG_INFO = YES;
				ONLY_ACTIVE_ARCH = YES;
				SDKROOT = iphoneos;
			};
			name = Debug;
		};
		49D875951AF363D3005DFD14 /* Release */ = {
			isa = XCBuildConfiguration;
			buildSettings = {
				ALWAYS_SEARCH_USER_PATHS = NO;
				CLANG_CXX_LANGUAGE_STANDARD = "gnu++0x";
				CLANG_CXX_LIBRARY = "libc++";
				CLANG_ENABLE_MODULES = YES;
				CLANG_ENABLE_OBJC_ARC = YES;
				CLANG_WARN_BOOL_CONVERSION = YES;
				CLANG_WARN_CONSTANT_CONVERSION = YES;
				CLANG_WARN_DIRECT_OBJC_ISA_USAGE = YES_ERROR;
				CLANG_WARN_EMPTY_BODY = YES;
				CLANG_WARN_ENUM_CONVERSION = YES;
				CLANG_WARN_INT_CONVERSION = YES;
				CLANG_WARN_OBJC_ROOT_CLASS = YES_ERROR;
				CLANG_WARN_UNREACHABLE_CODE = YES;
				CLANG_WARN__DUPLICATE_METHOD_MATCH = YES;
				"CODE_SIGN_IDENTITY[sdk=iphoneos*]" = "iPhone Developer";
				COPY_PHASE_STRIP = NO;
				DEBUG_INFORMATION_FORMAT = "dwarf-with-dsym";
				ENABLE_NS_ASSERTIONS = NO;
				ENABLE_STRICT_OBJC_MSGSEND = YES;
				GCC_C_LANGUAGE_STANDARD = gnu99;
				GCC_NO_COMMON_BLOCKS = YES;
				GCC_WARN_64_TO_32_BIT_CONVERSION = YES;
				GCC_WARN_ABOUT_RETURN_TYPE = YES_ERROR;
				GCC_WARN_UNDECLARED_SELECTOR = YES;
				GCC_WARN_UNINITIALIZED_AUTOS = YES_AGGRESSIVE;
				GCC_WARN_UNUSED_FUNCTION = YES;
				GCC_WARN_UNUSED_VARIABLE = YES;
				IPHONEOS_DEPLOYMENT_TARGET = 8.3;
				MTL_ENABLE_DEBUG_INFO = NO;
				SDKROOT = iphoneos;
				VALIDATE_PRODUCT = YES;
			};
			name = Release;
		};
		49D875971AF363D3005DFD14 /* Debug */ = {
			isa = XCBuildConfiguration;
			buildSettings = {
				ASSETCATALOG_COMPILER_APPICON_NAME = AppIcon;
				GCC_PREFIX_HEADER = "";
				INFOPLIST_FILE = HEInfiniteScrollViewDemo/Info.plist;
				LD_RUNPATH_SEARCH_PATHS = "$(inherited) @executable_path/Frameworks";
				PRODUCT_NAME = "$(TARGET_NAME)";
			};
			name = Debug;
		};
		49D875981AF363D3005DFD14 /* Release */ = {
			isa = XCBuildConfiguration;
			buildSettings = {
				ASSETCATALOG_COMPILER_APPICON_NAME = AppIcon;
				GCC_PREFIX_HEADER = "";
				INFOPLIST_FILE = HEInfiniteScrollViewDemo/Info.plist;
				LD_RUNPATH_SEARCH_PATHS = "$(inherited) @executable_path/Frameworks";
				PRODUCT_NAME = "$(TARGET_NAME)";
			};
			name = Release;
		};
		49D8759A1AF363D3005DFD14 /* Debug */ = {
			isa = XCBuildConfiguration;
			buildSettings = {
				BUNDLE_LOADER = "$(TEST_HOST)";
				FRAMEWORK_SEARCH_PATHS = (
					"$(SDKROOT)/Developer/Library/Frameworks",
					"$(inherited)",
				);
				GCC_PREPROCESSOR_DEFINITIONS = (
					"DEBUG=1",
					"$(inherited)",
				);
				INFOPLIST_FILE = HEInfiniteScrollViewDemoTests/Info.plist;
				LD_RUNPATH_SEARCH_PATHS = "$(inherited) @executable_path/Frameworks @loader_path/Frameworks";
				PRODUCT_NAME = "$(TARGET_NAME)";
				TEST_HOST = "$(BUILT_PRODUCTS_DIR)/HEInfiniteScrollViewDemo.app/HEInfiniteScrollViewDemo";
			};
			name = Debug;
		};
		49D8759B1AF363D3005DFD14 /* Release */ = {
			isa = XCBuildConfiguration;
			buildSettings = {
				BUNDLE_LOADER = "$(TEST_HOST)";
				FRAMEWORK_SEARCH_PATHS = (
					"$(SDKROOT)/Developer/Library/Frameworks",
					"$(inherited)",
				);
				INFOPLIST_FILE = HEInfiniteScrollViewDemoTests/Info.plist;
				LD_RUNPATH_SEARCH_PATHS = "$(inherited) @executable_path/Frameworks @loader_path/Frameworks";
				PRODUCT_NAME = "$(TARGET_NAME)";
				TEST_HOST = "$(BUILT_PRODUCTS_DIR)/HEInfiniteScrollViewDemo.app/HEInfiniteScrollViewDemo";
			};
			name = Release;
		};
/* End XCBuildConfiguration section */

/* Begin XCConfigurationList section */
		49D8756E1AF363D3005DFD14 /* Build configuration list for PBXProject "HEInfiniteScrollViewDemo" */ = {
			isa = XCConfigurationList;
			buildConfigurations = (
				49D875941AF363D3005DFD14 /* Debug */,
				49D875951AF363D3005DFD14 /* Release */,
			);
			defaultConfigurationIsVisible = 0;
			defaultConfigurationName = Release;
		};
		49D875961AF363D3005DFD14 /* Build configuration list for PBXNativeTarget "HEInfiniteScrollViewDemo" */ = {
			isa = XCConfigurationList;
			buildConfigurations = (
				49D875971AF363D3005DFD14 /* Debug */,
				49D875981AF363D3005DFD14 /* Release */,
			);
			defaultConfigurationIsVisible = 0;
			defaultConfigurationName = Release;
		};
		49D875991AF363D3005DFD14 /* Build configuration list for PBXNativeTarget "HEInfiniteScrollViewDemoTests" */ = {
			isa = XCConfigurationList;
			buildConfigurations = (
				49D8759A1AF363D3005DFD14 /* Debug */,
				49D8759B1AF363D3005DFD14 /* Release */,
			);
			defaultConfigurationIsVisible = 0;
			defaultConfigurationName = Release;
		};
/* End XCConfigurationList section */
	};
	rootObject = 49D8756B1AF363D3005DFD14 /* Project object */;
}
